// !$*UTF8*$!
{
	archiveVersion = 1;
	classes = {
	};
	objectVersion = 48;
	objects = {

/* Begin PBXBuildFile section */
		897FD7231F1FDF8A00B1CDC1 /* AppDelegate.swift in Sources */ = {isa = PBXBuildFile; fileRef = 897FD7221F1FDF8A00B1CDC1 /* AppDelegate.swift */; };
		897FD7251F1FDF8A00B1CDC1 /* art.scnassets in Resources */ = {isa = PBXBuildFile; fileRef = 897FD7241F1FDF8A00B1CDC1 /* art.scnassets */; };
		897FD7271F1FDF8A00B1CDC1 /* RampPlacerVC.swift in Sources */ = {isa = PBXBuildFile; fileRef = 897FD7261F1FDF8A00B1CDC1 /* RampPlacerVC.swift */; };
		897FD72A1F1FDF8A00B1CDC1 /* Main.storyboard in Resources */ = {isa = PBXBuildFile; fileRef = 897FD7281F1FDF8A00B1CDC1 /* Main.storyboard */; };
		897FD72C1F1FDF8A00B1CDC1 /* Assets.xcassets in Resources */ = {isa = PBXBuildFile; fileRef = 897FD72B1F1FDF8A00B1CDC1 /* Assets.xcassets */; };
		897FD72F1F1FDF8A00B1CDC1 /* LaunchScreen.storyboard in Resources */ = {isa = PBXBuildFile; fileRef = 897FD72D1F1FDF8A00B1CDC1 /* LaunchScreen.storyboard */; };
		898681681F205602003D4526 /* Ramp.swift in Sources */ = {isa = PBXBuildFile; fileRef = 898681671F205602003D4526 /* Ramp.swift */; };
		89B1D34F1F1FEDB70071EB65 /* RampPickerVC.swift in Sources */ = {isa = PBXBuildFile; fileRef = 89B1D34E1F1FEDB70071EB65 /* RampPickerVC.swift */; };
/* End PBXBuildFile section */

/* Begin PBXFileReference section */
		897FD71F1F1FDF8A00B1CDC1 /* ramp-up.app */ = {isa = PBXFileReference; explicitFileType = wrapper.application; includeInIndex = 0; path = "ramp-up.app"; sourceTree = BUILT_PRODUCTS_DIR; };
		897FD7221F1FDF8A00B1CDC1 /* AppDelegate.swift */ = {isa = PBXFileReference; lastKnownFileType = sourcecode.swift; path = AppDelegate.swift; sourceTree = "<group>"; };
		897FD7241F1FDF8A00B1CDC1 /* art.scnassets */ = {isa = PBXFileReference; lastKnownFileType = wrapper.scnassets; path = art.scnassets; sourceTree = "<group>"; };
		897FD7261F1FDF8A00B1CDC1 /* RampPlacerVC.swift */ = {isa = PBXFileReference; lastKnownFileType = sourcecode.swift; path = RampPlacerVC.swift; sourceTree = "<group>"; };
		897FD7291F1FDF8A00B1CDC1 /* Base */ = {isa = PBXFileReference; lastKnownFileType = file.storyboard; name = Base; path = Base.lproj/Main.storyboard; sourceTree = "<group>"; };
		897FD72B1F1FDF8A00B1CDC1 /* Assets.xcassets */ = {isa = PBXFileReference; lastKnownFileType = folder.assetcatalog; path = Assets.xcassets; sourceTree = "<group>"; };
		897FD72E1F1FDF8A00B1CDC1 /* Base */ = {isa = PBXFileReference; lastKnownFileType = file.storyboard; name = Base; path = Base.lproj/LaunchScreen.storyboard; sourceTree = "<group>"; };
		897FD7301F1FDF8A00B1CDC1 /* Info.plist */ = {isa = PBXFileReference; lastKnownFileType = text.plist.xml; path = Info.plist; sourceTree = "<group>"; };
		898681671F205602003D4526 /* Ramp.swift */ = {isa = PBXFileReference; lastKnownFileType = sourcecode.swift; path = Ramp.swift; sourceTree = "<group>"; };
		89B1D34E1F1FEDB70071EB65 /* RampPickerVC.swift */ = {isa = PBXFileReference; lastKnownFileType = sourcecode.swift; path = RampPickerVC.swift; sourceTree = "<group>"; };
/* End PBXFileReference section */

/* Begin PBXFrameworksBuildPhase section */
		897FD71C1F1FDF8A00B1CDC1 /* Frameworks */ = {
			isa = PBXFrameworksBuildPhase;
			buildActionMask = 2147483647;
			files = (
			);
			runOnlyForDeploymentPostprocessing = 0;
		};
/* End PBXFrameworksBuildPhase section */

/* Begin PBXGroup section */
		897FD7161F1FDF8A00B1CDC1 = {
			isa = PBXGroup;
			children = (
				897FD7211F1FDF8A00B1CDC1 /* ramp-up */,
				897FD7201F1FDF8A00B1CDC1 /* Products */,
			);
			sourceTree = "<group>";
		};
		897FD7201F1FDF8A00B1CDC1 /* Products */ = {
			isa = PBXGroup;
			children = (
				897FD71F1F1FDF8A00B1CDC1 /* ramp-up.app */,
			);
			name = Products;
			sourceTree = "<group>";
		};
		897FD7211F1FDF8A00B1CDC1 /* ramp-up */ = {
			isa = PBXGroup;
			children = (
				898681661F2055F2003D4526 /* Model */,
				89B1D34D1F1FE1220071EB65 /* Controller */,
				897FD7221F1FDF8A00B1CDC1 /* AppDelegate.swift */,
				897FD7241F1FDF8A00B1CDC1 /* art.scnassets */,
				897FD7281F1FDF8A00B1CDC1 /* Main.storyboard */,
				897FD72B1F1FDF8A00B1CDC1 /* Assets.xcassets */,
				897FD72D1F1FDF8A00B1CDC1 /* LaunchScreen.storyboard */,
				897FD7301F1FDF8A00B1CDC1 /* Info.plist */,
			);
			path = "ramp-up";
			sourceTree = "<group>";
		};
		898681661F2055F2003D4526 /* Model */ = {
			isa = PBXGroup;
			children = (
				898681671F205602003D4526 /* Ramp.swift */,
			);
			path = Model;
			sourceTree = "<group>";
		};
		89B1D34D1F1FE1220071EB65 /* Controller */ = {
			isa = PBXGroup;
			children = (
				897FD7261F1FDF8A00B1CDC1 /* RampPlacerVC.swift */,
				89B1D34E1F1FEDB70071EB65 /* RampPickerVC.swift */,
			);
			path = Controller;
			sourceTree = "<group>";
		};
/* End PBXGroup section */

/* Begin PBXNativeTarget section */
		897FD71E1F1FDF8A00B1CDC1 /* ramp-up */ = {
			isa = PBXNativeTarget;
			buildConfigurationList = 897FD7331F1FDF8A00B1CDC1 /* Build configuration list for PBXNativeTarget "ramp-up" */;
			buildPhases = (
				897FD71B1F1FDF8A00B1CDC1 /* Sources */,
				897FD71C1F1FDF8A00B1CDC1 /* Frameworks */,
				897FD71D1F1FDF8A00B1CDC1 /* Resources */,
			);
			buildRules = (
			);
			dependencies = (
			);
			name = "ramp-up";
			productName = "ramp-up";
			productReference = 897FD71F1F1FDF8A00B1CDC1 /* ramp-up.app */;
			productType = "com.apple.product-type.application";
		};
/* End PBXNativeTarget section */

/* Begin PBXProject section */
		897FD7171F1FDF8A00B1CDC1 /* Project object */ = {
			isa = PBXProject;
			attributes = {
				LastSwiftUpdateCheck = 0900;
				LastUpgradeCheck = 0900;
				ORGANIZATIONNAME = Devslopes;
				TargetAttributes = {
					897FD71E1F1FDF8A00B1CDC1 = {
						CreatedOnToolsVersion = 9.0;
					};
				};
			};
			buildConfigurationList = 897FD71A1F1FDF8A00B1CDC1 /* Build configuration list for PBXProject "ramp-up" */;
			compatibilityVersion = "Xcode 8.0";
			developmentRegion = en;
			hasScannedForEncodings = 0;
			knownRegions = (
				en,
				Base,
			);
			mainGroup = 897FD7161F1FDF8A00B1CDC1;
			productRefGroup = 897FD7201F1FDF8A00B1CDC1 /* Products */;
			projectDirPath = "";
			projectRoot = "";
			targets = (
				897FD71E1F1FDF8A00B1CDC1 /* ramp-up */,
			);
		};
/* End PBXProject section */

/* Begin PBXResourcesBuildPhase section */
		897FD71D1F1FDF8A00B1CDC1 /* Resources */ = {
			isa = PBXResourcesBuildPhase;
			buildActionMask = 2147483647;
			files = (
				897FD7251F1FDF8A00B1CDC1 /* art.scnassets in Resources */,
				897FD72F1F1FDF8A00B1CDC1 /* LaunchScreen.storyboard in Resources */,
				897FD72C1F1FDF8A00B1CDC1 /* Assets.xcassets in Resources */,
				897FD72A1F1FDF8A00B1CDC1 /* Main.storyboard in Resources */,
			);
			runOnlyForDeploymentPostprocessing = 0;
		};
/* End PBXResourcesBuildPhase section */

/* Begin PBXSourcesBuildPhase section */
		897FD71B1F1FDF8A00B1CDC1 /* Sources */ = {
			isa = PBXSourcesBuildPhase;
			buildActionMask = 2147483647;
			files = (
				897FD7271F1FDF8A00B1CDC1 /* RampPlacerVC.swift in Sources */,
				898681681F205602003D4526 /* Ramp.swift in Sources */,
				89B1D34F1F1FEDB70071EB65 /* RampPickerVC.swift in Sources */,
				897FD7231F1FDF8A00B1CDC1 /* AppDelegate.swift in Sources */,
			);
			runOnlyForDeploymentPostprocessing = 0;
		};
/* End PBXSourcesBuildPhase section */

/* Begin PBXVariantGroup section */
		897FD7281F1FDF8A00B1CDC1 /* Main.storyboard */ = {
			isa = PBXVariantGroup;
			children = (
				897FD7291F1FDF8A00B1CDC1 /* Base */,
			);
			name = Main.storyboard;
			sourceTree = "<group>";
		};
		897FD72D1F1FDF8A00B1CDC1 /* LaunchScreen.storyboard */ = {
			isa = PBXVariantGroup;
			children = (
				897FD72E1F1FDF8A00B1CDC1 /* Base */,
			);
			name = LaunchScreen.storyboard;
			sourceTree = "<group>";
		};
/* End PBXVariantGroup section */

/* Begin XCBuildConfiguration section */
		897FD7311F1FDF8A00B1CDC1 /* Debug */ = {
			isa = XCBuildConfiguration;
			buildSettings = {
				ALWAYS_SEARCH_USER_PATHS = NO;
				CLANG_ANALYZER_NONNULL = YES;
				CLANG_ANALYZER_NUMBER_OBJECT_CONVERSION = YES_AGGRESSIVE;
				CLANG_CXX_LANGUAGE_STANDARD = "gnu++14";
				CLANG_CXX_LIBRARY = "libc++";
				CLANG_ENABLE_MODULES = YES;
				CLANG_ENABLE_OBJC_ARC = YES;
				CLANG_WARN_BLOCK_CAPTURE_AUTORELEASING = YES;
				CLANG_WARN_BOOL_CONVERSION = YES;
				CLANG_WARN_COMMA = YES;
				CLANG_WARN_CONSTANT_CONVERSION = YES;
				CLANG_WARN_DIRECT_OBJC_ISA_USAGE = YES_ERROR;
				CLANG_WARN_DOCUMENTATION_COMMENTS = YES;
				CLANG_WARN_EMPTY_BODY = YES;
				CLANG_WARN_ENUM_CONVERSION = YES;
				CLANG_WARN_INFINITE_RECURSION = YES;
				CLANG_WARN_INT_CONVERSION = YES;
				CLANG_WARN_NON_LITERAL_NULL_CONVERSION = YES;
				CLANG_WARN_OBJC_LITERAL_CONVERSION = YES;
				CLANG_WARN_OBJC_ROOT_CLASS = YES_ERROR;
				CLANG_WARN_RANGE_LOOP_ANALYSIS = YES;
				CLANG_WARN_STRICT_PROTOTYPES = YES;
				CLANG_WARN_SUSPICIOUS_MOVE = YES;
				CLANG_WARN_UNGUARDED_AVAILABILITY = YES_AGGRESSIVE;
				CLANG_WARN_UNREACHABLE_CODE = YES;
				CLANG_WARN__DUPLICATE_METHOD_MATCH = YES;
				CODE_SIGN_IDENTITY = "iPhone Developer";
				COPY_PHASE_STRIP = NO;
				DEBUG_INFORMATION_FORMAT = dwarf;
				ENABLE_STRICT_OBJC_MSGSEND = YES;
				ENABLE_TESTABILITY = YES;
				GCC_C_LANGUAGE_STANDARD = gnu11;
				GCC_DYNAMIC_NO_PIC = NO;
				GCC_NO_COMMON_BLOCKS = YES;
				GCC_OPTIMIZATION_LEVEL = 0;
				GCC_PREPROCESSOR_DEFINITIONS = (
					"DEBUG=1",
					"$(inherited)",
				);
				GCC_WARN_64_TO_32_BIT_CONVERSION = YES;
				GCC_WARN_ABOUT_RETURN_TYPE = YES_ERROR;
				GCC_WARN_UNDECLARED_SELECTOR = YES;
				GCC_WARN_UNINITIALIZED_AUTOS = YES_AGGRESSIVE;
				GCC_WARN_UNUSED_FUNCTION = YES;
				GCC_WARN_UNUSED_VARIABLE = YES;
				IPHONEOS_DEPLOYMENT_TARGET = 11.0;
				MTL_ENABLE_DEBUG_INFO = YES;
				ONLY_ACTIVE_ARCH = YES;
				SDKROOT = iphoneos;
				SWIFT_ACTIVE_COMPILATION_CONDITIONS = DEBUG;
				SWIFT_OPTIMIZATION_LEVEL = "-Onone";
			};
			name = Debug;
		};
		897FD7321F1FDF8A00B1CDC1 /* Release */ = {
			isa = XCBuildConfiguration;
			buildSettings = {
				ALWAYS_SEARCH_USER_PATHS = NO;
				CLANG_ANALYZER_NONNULL = YES;
				CLANG_ANALYZER_NUMBER_OBJECT_CONVERSION = YES_AGGRESSIVE;
				CLANG_CXX_LANGUAGE_STANDARD = "gnu++14";
				CLANG_CXX_LIBRARY = "libc++";
				CLANG_ENABLE_MODULES = YES;
				CLANG_ENABLE_OBJC_ARC = YES;
				CLANG_WARN_BLOCK_CAPTURE_AUTORELEASING = YES;
				CLANG_WARN_BOOL_CONVERSION = YES;
				CLANG_WARN_COMMA = YES;
				CLANG_WARN_CONSTANT_CONVERSION = YES;
				CLANG_WARN_DIRECT_OBJC_ISA_USAGE = YES_ERROR;
				CLANG_WARN_DOCUMENTATION_COMMENTS = YES;
				CLANG_WARN_EMPTY_BODY = YES;
				CLANG_WARN_ENUM_CONVERSION = YES;
				CLANG_WARN_INFINITE_RECURSION = YES;
				CLANG_WARN_INT_CONVERSION = YES;
				CLANG_WARN_NON_LITERAL_NULL_CONVERSION = YES;
				CLANG_WARN_OBJC_LITERAL_CONVERSION = YES;
				CLANG_WARN_OBJC_ROOT_CLASS = YES_ERROR;
				CLANG_WARN_RANGE_LOOP_ANALYSIS = YES;
				CLANG_WARN_STRICT_PROTOTYPES = YES;
				CLANG_WARN_SUSPICIOUS_MOVE = YES;
				CLANG_WARN_UNGUARDED_AVAILABILITY = YES_AGGRESSIVE;
				CLANG_WARN_UNREACHABLE_CODE = YES;
				CLANG_WARN__DUPLICATE_METHOD_MATCH = YES;
				CODE_SIGN_IDENTITY = "iPhone Developer";
				COPY_PHASE_STRIP = NO;
				DEBUG_INFORMATION_FORMAT = "dwarf-with-dsym";
				ENABLE_NS_ASSERTIONS = NO;
				ENABLE_STRICT_OBJC_MSGSEND = YES;
				GCC_C_LANGUAGE_STANDARD = gnu11;
				GCC_NO_COMMON_BLOCKS = YES;
				GCC_WARN_64_TO_32_BIT_CONVERSION = YES;
				GCC_WARN_ABOUT_RETURN_TYPE = YES_ERROR;
				GCC_WARN_UNDECLARED_SELECTOR = YES;
				GCC_WARN_UNINITIALIZED_AUTOS = YES_AGGRESSIVE;
				GCC_WARN_UNUSED_FUNCTION = YES;
				GCC_WARN_UNUSED_VARIABLE = YES;
				IPHONEOS_DEPLOYMENT_TARGET = 11.0;
				MTL_ENABLE_DEBUG_INFO = NO;
				SDKROOT = iphoneos;
				SWIFT_OPTIMIZATION_LEVEL = "-Owholemodule";
				VALIDATE_PRODUCT = YES;
			};
			name = Release;
		};
		897FD7341F1FDF8A00B1CDC1 /* Debug */ = {
			isa = XCBuildConfiguration;
			buildSettings = {
				ASSETCATALOG_COMPILER_APPICON_NAME = AppIcon;
				DEVELOPMENT_TEAM = 5J8N672PJG;
				INFOPLIST_FILE = "ramp-up/Info.plist";
				LD_RUNPATH_SEARCH_PATHS = "$(inherited) @executable_path/Frameworks";
				PRODUCT_BUNDLE_IDENTIFIER = "com.rocketapp.ramp-up";
				PRODUCT_NAME = "$(TARGET_NAME)";
				SWIFT_VERSION = 4.0;
				TARGETED_DEVICE_FAMILY = "1,2";
			};
			name = Debug;
		};
		897FD7351F1FDF8A00B1CDC1 /* Release */ = {
			isa = XCBuildConfiguration;
			buildSettings = {
				ASSETCATALOG_COMPILER_APPICON_NAME = AppIcon;
				DEVELOPMENT_TEAM = 5J8N672PJG;
				INFOPLIST_FILE = "ramp-up/Info.plist";
				LD_RUNPATH_SEARCH_PATHS = "$(inherited) @executable_path/Frameworks";
				PRODUCT_BUNDLE_IDENTIFIER = "com.rocketapp.ramp-up";
				PRODUCT_NAME = "$(TARGET_NAME)";
				SWIFT_VERSION = 4.0;
				TARGETED_DEVICE_FAMILY = "1,2";
			};
			name = Release;
		};
/* End XCBuildConfiguration section */

/* Begin XCConfigurationList section */
		897FD71A1F1FDF8A00B1CDC1 /* Build configuration list for PBXProject "ramp-up" */ = {
			isa = XCConfigurationList;
			buildConfigurations = (
				897FD7311F1FDF8A00B1CDC1 /* Debug */,
				897FD7321F1FDF8A00B1CDC1 /* Release */,
			);
			defaultConfigurationIsVisible = 0;
			defaultConfigurationName = Release;
		};
		897FD7331F1FDF8A00B1CDC1 /* Build configuration list for PBXNativeTarget "ramp-up" */ = {
			isa = XCConfigurationList;
			buildConfigurations = (
				897FD7341F1FDF8A00B1CDC1 /* Debug */,
				897FD7351F1FDF8A00B1CDC1 /* Release */,
			);
			defaultConfigurationIsVisible = 0;
			defaultConfigurationName = Release;
		};
/* End XCConfigurationList section */
	};
	rootObject = 897FD7171F1FDF8A00B1CDC1 /* Project object */;
}
